// !$*UTF8*$!
{
	archiveVersion = 1;
	classes = {
	};
	objectVersion = 56;
	objects = {

/* Begin PBXBuildFile section */
		18258B2D2F365B5000CEEBCA /* ToDoHolicApp.swift in Sources */ = {isa = PBXBuildFile; fileRef = 18258B2C2F365B5000CEEBCA /* ToDoHolicApp.swift */; };
		18258B2F2F365B5000CEEBCA /* WelcomeView.swift in Sources */ = {isa = PBXBuildFile; fileRef = 18258B2E2F365B5000CEEBCA /* WelcomeView.swift */; };
		18258B312F365B5100CEEBCA /* Assets.xcassets in Resources */ = {isa = PBXBuildFile; fileRef = 18258B302F365B5100CEEBCA /* Assets.xcassets */; };
		18258B342F365B5100CEEBCA /* Preview Assets.xcassets in Resources */ = {isa = PBXBuildFile; fileRef = 18258B332F365B5100CEEBCA /* Preview Assets.xcassets */; };
		18258B362F365B5100CEEBCA /* Persistence.swift in Sources */ = {isa = PBXBuildFile; fileRef = 18258B352F365B5100CEEBCA /* Persistence.swift */; };
		18258B392F365B5100CEEBCA /* ToDoHolic.xcdatamodeld in Sources */ = {isa = PBXBuildFile; fileRef = 18258B372F365B5100CEEBCA /* ToDoHolic.xcdatamodeld */; };
		18258B402F36628400CEEBCA /* DashboardView.swift in Sources */ = {isa = PBXBuildFile; fileRef = 18258B3F2F36628400CEEBCA /* DashboardView.swift */; };
		18258B422F3664F200CEEBCA /* TaskListView.swift in Sources */ = {isa = PBXBuildFile; fileRef = 18258B412F3664F200CEEBCA /* TaskListView.swift */; };
		18258B442F36671F00CEEBCA /* AddTaskView.swift in Sources */ = {isa = PBXBuildFile; fileRef = 18258B432F36671F00CEEBCA /* AddTaskView.swift */; };
/* End PBXBuildFile section */

/* Begin PBXFileReference section */
		18258B292F365B5000CEEBCA /* ToDoHolic.app */ = {isa = PBXFileReference; explicitFileType = wrapper.application; includeInIndex = 0; path = ToDoHolic.app; sourceTree = BUILT_PRODUCTS_DIR; };
		18258B2C2F365B5000CEEBCA /* ToDoHolicApp.swift */ = {isa = PBXFileReference; lastKnownFileType = sourcecode.swift; path = ToDoHolicApp.swift; sourceTree = "<group>"; };
		18258B2E2F365B5000CEEBCA /* WelcomeView.swift */ = {isa = PBXFileReference; lastKnownFileType = sourcecode.swift; path = WelcomeView.swift; sourceTree = "<group>"; };
		18258B302F365B5100CEEBCA /* Assets.xcassets */ = {isa = PBXFileReference; lastKnownFileType = folder.assetcatalog; path = Assets.xcassets; sourceTree = "<group>"; };
		18258B332F365B5100CEEBCA /* Preview Assets.xcassets */ = {isa = PBXFileReference; lastKnownFileType = folder.assetcatalog; path = "Preview Assets.xcassets"; sourceTree = "<group>"; };
		18258B352F365B5100CEEBCA /* Persistence.swift */ = {isa = PBXFileReference; lastKnownFileType = sourcecode.swift; path = Persistence.swift; sourceTree = "<group>"; };
		18258B382F365B5100CEEBCA /* ToDoHolic.xcdatamodel */ = {isa = PBXFileReference; lastKnownFileType = wrapper.xcdatamodel; path = ToDoHolic.xcdatamodel; sourceTree = "<group>"; };
		18258B3F2F36628400CEEBCA /* DashboardView.swift */ = {isa = PBXFileReference; lastKnownFileType = sourcecode.swift; path = DashboardView.swift; sourceTree = "<group>"; };
		18258B412F3664F200CEEBCA /* TaskListView.swift */ = {isa = PBXFileReference; lastKnownFileType = sourcecode.swift; path = TaskListView.swift; sourceTree = "<group>"; };
		18258B432F36671F00CEEBCA /* AddTaskView.swift */ = {isa = PBXFileReference; lastKnownFileType = sourcecode.swift; path = AddTaskView.swift; sourceTree = "<group>"; };
/* End PBXFileReference section */

/* Begin PBXFrameworksBuildPhase section */
		18258B262F365B5000CEEBCA /* Frameworks */ = {
			isa = PBXFrameworksBuildPhase;
			buildActionMask = 2147483647;
			files = (
			);
			runOnlyForDeploymentPostprocessing = 0;
		};
/* End PBXFrameworksBuildPhase section */

/* Begin PBXGroup section */
		18258B202F365B5000CEEBCA = {
			isa = PBXGroup;
			children = (
				18258B2B2F365B5000CEEBCA /* ToDoHolic */,
				18258B2A2F365B5000CEEBCA /* Products */,
			);
			sourceTree = "<group>";
		};
		18258B2A2F365B5000CEEBCA /* Products */ = {
			isa = PBXGroup;
			children = (
				18258B292F365B5000CEEBCA /* ToDoHolic.app */,
			);
			name = Products;
			sourceTree = "<group>";
		};
		18258B2B2F365B5000CEEBCA /* ToDoHolic */ = {
			isa = PBXGroup;
			children = (
				18258B3F2F36628400CEEBCA /* DashboardView.swift */,
				18258B2C2F365B5000CEEBCA /* ToDoHolicApp.swift */,
				18258B2E2F365B5000CEEBCA /* WelcomeView.swift */,
				18258B302F365B5100CEEBCA /* Assets.xcassets */,
				18258B352F365B5100CEEBCA /* Persistence.swift */,
				18258B372F365B5100CEEBCA /* ToDoHolic.xcdatamodeld */,
				18258B322F365B5100CEEBCA /* Preview Content */,
				18258B412F3664F200CEEBCA /* TaskListView.swift */,
				18258B432F36671F00CEEBCA /* AddTaskView.swift */,
			);
			path = ToDoHolic;
			sourceTree = "<group>";
		};
		18258B322F365B5100CEEBCA /* Preview Content */ = {
			isa = PBXGroup;
			children = (
				18258B332F365B5100CEEBCA /* Preview Assets.xcassets */,
			);
			path = "Preview Content";
			sourceTree = "<group>";
		};
/* End PBXGroup section */

/* Begin PBXNativeTarget section */
		18258B282F365B5000CEEBCA /* ToDoHolic */ = {
			isa = PBXNativeTarget;
			buildConfigurationList = 18258B3C2F365B5100CEEBCA /* Build configuration list for PBXNativeTarget "ToDoHolic" */;
			buildPhases = (
				18258B252F365B5000CEEBCA /* Sources */,
				18258B262F365B5000CEEBCA /* Frameworks */,
				18258B272F365B5000CEEBCA /* Resources */,
			);
			buildRules = (
			);
			dependencies = (
			);
			name = ToDoHolic;
			productName = ToDoHolic;
			productReference = 18258B292F365B5000CEEBCA /* ToDoHolic.app */;
			productType = "com.apple.product-type.application";
		};
/* End PBXNativeTarget section */

/* Begin PBXProject section */
		18258B212F365B5000CEEBCA /* Project object */ = {
			isa = PBXProject;
			attributes = {
				BuildIndependentTargetsInParallel = 1;
				LastSwiftUpdateCheck = 1420;
				LastUpgradeCheck = 1420;
				TargetAttributes = {
					18258B282F365B5000CEEBCA = {
						CreatedOnToolsVersion = 14.2;
					};
				};
			};
			buildConfigurationList = 18258B242F365B5000CEEBCA /* Build configuration list for PBXProject "ToDoHolic" */;
			compatibilityVersion = "Xcode 14.0";
			developmentRegion = en;
			hasScannedForEncodings = 0;
			knownRegions = (
				en,
				Base,
			);
			mainGroup = 18258B202F365B5000CEEBCA;
			productRefGroup = 18258B2A2F365B5000CEEBCA /* Products */;
			projectDirPath = "";
			projectRoot = "";
			targets = (
				18258B282F365B5000CEEBCA /* ToDoHolic */,
			);
		};
/* End PBXProject section */

/* Begin PBXResourcesBuildPhase section */
		18258B272F365B5000CEEBCA /* Resources */ = {
			isa = PBXResourcesBuildPhase;
			buildActionMask = 2147483647;
			files = (
				18258B342F365B5100CEEBCA /* Preview Assets.xcassets in Resources */,
				18258B312F365B5100CEEBCA /* Assets.xcassets in Resources */,
			);
			runOnlyForDeploymentPostprocessing = 0;
		};
/* End PBXResourcesBuildPhase section */

/* Begin PBXSourcesBuildPhase section */
		18258B252F365B5000CEEBCA /* Sources */ = {
			isa = PBXSourcesBuildPhase;
			buildActionMask = 2147483647;
			files = (
				18258B362F365B5100CEEBCA /* Persistence.swift in Sources */,
				18258B442F36671F00CEEBCA /* AddTaskView.swift in Sources */,
				18258B2F2F365B5000CEEBCA /* WelcomeView.swift in Sources */,
				18258B2D2F365B5000CEEBCA /* ToDoHolicApp.swift in Sources */,
				18258B392F365B5100CEEBCA /* ToDoHolic.xcdatamodeld in Sources */,
				18258B402F36628400CEEBCA /* DashboardView.swift in Sources */,
				18258B422F3664F200CEEBCA /* TaskListView.swift in Sources */,
			);
			runOnlyForDeploymentPostprocessing = 0;
		};
/* End PBXSourcesBuildPhase section */

/* Begin XCBuildConfiguration section */
		18258B3A2F365B5100CEEBCA /* Debug */ = {
			isa = XCBuildConfiguration;
			buildSettings = {
				ALWAYS_SEARCH_USER_PATHS = NO;
				CLANG_ANALYZER_NONNULL = YES;
				CLANG_ANALYZER_NUMBER_OBJECT_CONVERSION = YES_AGGRESSIVE;
				CLANG_CXX_LANGUAGE_STANDARD = "gnu++20";
				CLANG_ENABLE_MODULES = YES;
				CLANG_ENABLE_OBJC_ARC = YES;
				CLANG_ENABLE_OBJC_WEAK = YES;
				CLANG_WARN_BLOCK_CAPTURE_AUTORELEASING = YES;
				CLANG_WARN_BOOL_CONVERSION = YES;
				CLANG_WARN_COMMA = YES;
				CLANG_WARN_CONSTANT_CONVERSION = YES;
				CLANG_WARN_DEPRECATED_OBJC_IMPLEMENTATIONS = YES;
				CLANG_WARN_DIRECT_OBJC_ISA_USAGE = YES_ERROR;
				CLANG_WARN_DOCUMENTATION_COMMENTS = YES;
				CLANG_WARN_EMPTY_BODY = YES;
				CLANG_WARN_ENUM_CONVERSION = YES;
				CLANG_WARN_INFINITE_RECURSION = YES;
				CLANG_WARN_INT_CONVERSION = YES;
				CLANG_WARN_NON_LITERAL_NULL_CONVERSION = YES;
				CLANG_WARN_OBJC_IMPLICIT_RETAIN_SELF = YES;
				CLANG_WARN_OBJC_LITERAL_CONVERSION = YES;
				CLANG_WARN_OBJC_ROOT_CLASS = YES_ERROR;
				CLANG_WARN_QUOTED_INCLUDE_IN_FRAMEWORK_HEADER = YES;
				CLANG_WARN_RANGE_LOOP_ANALYSIS = YES;
				CLANG_WARN_STRICT_PROTOTYPES = YES;
				CLANG_WARN_SUSPICIOUS_MOVE = YES;
				CLANG_WARN_UNGUARDED_AVAILABILITY = YES_AGGRESSIVE;
				CLANG_WARN_UNREACHABLE_CODE = YES;
				CLANG_WARN__DUPLICATE_METHOD_MATCH = YES;
				COPY_PHASE_STRIP = NO;
				DEBUG_INFORMATION_FORMAT = dwarf;
				ENABLE_STRICT_OBJC_MSGSEND = YES;
				ENABLE_TESTABILITY = YES;
				GCC_C_LANGUAGE_STANDARD = gnu11;
				GCC_DYNAMIC_NO_PIC = NO;
				GCC_NO_COMMON_BLOCKS = YES;
				GCC_OPTIMIZATION_LEVEL = 0;
				GCC_PREPROCESSOR_DEFINITIONS = (
					"DEBUG=1",
					"$(inherited)",
				);
				GCC_WARN_64_TO_32_BIT_CONVERSION = YES;
				GCC_WARN_ABOUT_RETURN_TYPE = YES_ERROR;
				GCC_WARN_UNDECLARED_SELECTOR = YES;
				GCC_WARN_UNINITIALIZED_AUTOS = YES_AGGRESSIVE;
				GCC_WARN_UNUSED_FUNCTION = YES;
				GCC_WARN_UNUSED_VARIABLE = YES;
				IPHONEOS_DEPLOYMENT_TARGET = 16.2;
				MTL_ENABLE_DEBUG_INFO = INCLUDE_SOURCE;
				MTL_FAST_MATH = YES;
				ONLY_ACTIVE_ARCH = YES;
				SDKROOT = iphoneos;
				SWIFT_ACTIVE_COMPILATION_CONDITIONS = DEBUG;
				SWIFT_OPTIMIZATION_LEVEL = "-Onone";
			};
			name = Debug;
		};
		18258B3B2F365B5100CEEBCA /* Release */ = {
			isa = XCBuildConfiguration;
			buildSettings = {
				ALWAYS_SEARCH_USER_PATHS = NO;
				CLANG_ANALYZER_NONNULL = YES;
				CLANG_ANALYZER_NUMBER_OBJECT_CONVERSION = YES_AGGRESSIVE;
				CLANG_CXX_LANGUAGE_STANDARD = "gnu++20";
				CLANG_ENABLE_MODULES = YES;
				CLANG_ENABLE_OBJC_ARC = YES;
				CLANG_ENABLE_OBJC_WEAK = YES;
				CLANG_WARN_BLOCK_CAPTURE_AUTORELEASING = YES;
				CLANG_WARN_BOOL_CONVERSION = YES;
				CLANG_WARN_COMMA = YES;
				CLANG_WARN_CONSTANT_CONVERSION = YES;
				CLANG_WARN_DEPRECATED_OBJC_IMPLEMENTATIONS = YES;
				CLANG_WARN_DIRECT_OBJC_ISA_USAGE = YES_ERROR;
				CLANG_WARN_DOCUMENTATION_COMMENTS = YES;
				CLANG_WARN_EMPTY_BODY = YES;
				CLANG_WARN_ENUM_CONVERSION = YES;
				CLANG_WARN_INFINITE_RECURSION = YES;
				CLANG_WARN_INT_CONVERSION = YES;
				CLANG_WARN_NON_LITERAL_NULL_CONVERSION = YES;
				CLANG_WARN_OBJC_IMPLICIT_RETAIN_SELF = YES;
				CLANG_WARN_OBJC_LITERAL_CONVERSION = YES;
				CLANG_WARN_OBJC_ROOT_CLASS = YES_ERROR;
				CLANG_WARN_QUOTED_INCLUDE_IN_FRAMEWORK_HEADER = YES;
				CLANG_WARN_RANGE_LOOP_ANALYSIS = YES;
				CLANG_WARN_STRICT_PROTOTYPES = YES;
				CLANG_WARN_SUSPICIOUS_MOVE = YES;
				CLANG_WARN_UNGUARDED_AVAILABILITY = YES_AGGRESSIVE;
				CLANG_WARN_UNREACHABLE_CODE = YES;
				CLANG_WARN__DUPLICATE_METHOD_MATCH = YES;
				COPY_PHASE_STRIP = NO;
				DEBUG_INFORMATION_FORMAT = "dwarf-with-dsym";
				ENABLE_NS_ASSERTIONS = NO;
				ENABLE_STRICT_OBJC_MSGSEND = YES;
				GCC_C_LANGUAGE_STANDARD = gnu11;
				GCC_NO_COMMON_BLOCKS = YES;
				GCC_WARN_64_TO_32_BIT_CONVERSION = YES;
				GCC_WARN_ABOUT_RETURN_TYPE = YES_ERROR;
				GCC_WARN_UNDECLARED_SELECTOR = YES;
				GCC_WARN_UNINITIALIZED_AUTOS = YES_AGGRESSIVE;
				GCC_WARN_UNUSED_FUNCTION = YES;
				GCC_WARN_UNUSED_VARIABLE = YES;
				IPHONEOS_DEPLOYMENT_TARGET = 16.2;
				MTL_ENABLE_DEBUG_INFO = NO;
				MTL_FAST_MATH = YES;
				SDKROOT = iphoneos;
				SWIFT_COMPILATION_MODE = wholemodule;
				SWIFT_OPTIMIZATION_LEVEL = "-O";
				VALIDATE_PRODUCT = YES;
			};
			name = Release;
		};
		18258B3D2F365B5100CEEBCA /* Debug */ = {
			isa = XCBuildConfiguration;
			buildSettings = {
				ASSETCATALOG_COMPILER_APPICON_NAME = AppIcon;
				ASSETCATALOG_COMPILER_GLOBAL_ACCENT_COLOR_NAME = AccentColor;
				CODE_SIGN_STYLE = Automatic;
				CURRENT_PROJECT_VERSION = 1;
				DEVELOPMENT_ASSET_PATHS = "\"ToDoHolic/Preview Content\"";
				ENABLE_PREVIEWS = YES;
				GENERATE_INFOPLIST_FILE = YES;
				INFOPLIST_KEY_UIApplicationSceneManifest_Generation = YES;
				INFOPLIST_KEY_UIApplicationSupportsIndirectInputEvents = YES;
				INFOPLIST_KEY_UILaunchScreen_Generation = YES;
				INFOPLIST_KEY_UISupportedInterfaceOrientations_iPad = "UIInterfaceOrientationPortrait UIInterfaceOrientationPortraitUpsideDown UIInterfaceOrientationLandscapeLeft UIInterfaceOrientationLandscapeRight";
				INFOPLIST_KEY_UISupportedInterfaceOrientations_iPhone = "UIInterfaceOrientationPortrait UIInterfaceOrientationLandscapeLeft UIInterfaceOrientationLandscapeRight";
				LD_RUNPATH_SEARCH_PATHS = (
					"$(inherited)",
					"@executable_path/Frameworks",
				);
				MARKETING_VERSION = 1.0;
				PRODUCT_BUNDLE_IDENTIFIER = ca.gbc.com.ToDoHolic;
				PRODUCT_NAME = "$(TARGET_NAME)";
				SWIFT_EMIT_LOC_STRINGS = YES;
				SWIFT_VERSION = 5.0;
				TARGETED_DEVICE_FAMILY = "1,2";
			};
			name = Debug;
		};
		18258B3E2F365B5100CEEBCA /* Release */ = {
			isa = XCBuildConfiguration;
			buildSettings = {
				ASSETCATALOG_COMPILER_APPICON_NAME = AppIcon;
				ASSETCATALOG_COMPILER_GLOBAL_ACCENT_COLOR_NAME = AccentColor;
				CODE_SIGN_STYLE = Automatic;
				CURRENT_PROJECT_VERSION = 1;
				DEVELOPMENT_ASSET_PATHS = "\"ToDoHolic/Preview Content\"";
				ENABLE_PREVIEWS = YES;
				GENERATE_INFOPLIST_FILE = YES;
				INFOPLIST_KEY_UIApplicationSceneManifest_Generation = YES;
				INFOPLIST_KEY_UIApplicationSupportsIndirectInputEvents = YES;
				INFOPLIST_KEY_UILaunchScreen_Generation = YES;
				INFOPLIST_KEY_UISupportedInterfaceOrientations_iPad = "UIInterfaceOrientationPortrait UIInterfaceOrientationPortraitUpsideDown UIInterfaceOrientationLandscapeLeft UIInterfaceOrientationLandscapeRight";
				INFOPLIST_KEY_UISupportedInterfaceOrientations_iPhone = "UIInterfaceOrientationPortrait UIInterfaceOrientationLandscapeLeft UIInterfaceOrientationLandscapeRight";
				LD_RUNPATH_SEARCH_PATHS = (
					"$(inherited)",
					"@executable_path/Frameworks",
				);
				MARKETING_VERSION = 1.0;
				PRODUCT_BUNDLE_IDENTIFIER = ca.gbc.com.ToDoHolic;
				PRODUCT_NAME = "$(TARGET_NAME)";
				SWIFT_EMIT_LOC_STRINGS = YES;
				SWIFT_VERSION = 5.0;
				TARGETED_DEVICE_FAMILY = "1,2";
			};
			name = Release;
		};
/* End XCBuildConfiguration section */

/* Begin XCConfigurationList section */
		18258B242F365B5000CEEBCA /* Build configuration list for PBXProject "ToDoHolic" */ = {
			isa = XCConfigurationList;
			buildConfigurations = (
				18258B3A2F365B5100CEEBCA /* Debug */,
				18258B3B2F365B5100CEEBCA /* Release */,
			);
			defaultConfigurationIsVisible = 0;
			defaultConfigurationName = Release;
		};
		18258B3C2F365B5100CEEBCA /* Build configuration list for PBXNativeTarget "ToDoHolic" */ = {
			isa = XCConfigurationList;
			buildConfigurations = (
				18258B3D2F365B5100CEEBCA /* Debug */,
				18258B3E2F365B5100CEEBCA /* Release */,
			);
			defaultConfigurationIsVisible = 0;
			defaultConfigurationName = Release;
		};
/* End XCConfigurationList section */

/* Begin XCVersionGroup section */
		18258B372F365B5100CEEBCA /* ToDoHolic.xcdatamodeld */ = {
			isa = XCVersionGroup;
			children = (
				18258B382F365B5100CEEBCA /* ToDoHolic.xcdatamodel */,
			);
			currentVersion = 18258B382F365B5100CEEBCA /* ToDoHolic.xcdatamodel */;
			path = ToDoHolic.xcdatamodeld;
			sourceTree = "<group>";
			versionGroupType = wrapper.xcdatamodel;
		};
/* End XCVersionGroup section */
	};
	rootObject = 18258B212F365B5000CEEBCA /* Project object */;
}
